
Microsoft Visual Studio Solution File, Format Version 12.00
# Visual Studio 15
VisualStudioVersion = 15.0.28307.271
MinimumVisualStudioVersion = 10.0.40219.1
Project("{FAE04EC0-301F-11D3-BF4B-00C04F79EFBC}") = "ConsoleApp_Trial3", "ConsoleApp_Trial3\ConsoleApp_Trial3.csproj", "{D9D5DF4A-A215-45AA-B1B6-09578517B8DF}"
EndProject
Global
	GlobalSection(SolutionConfigurationPlatforms) = preSolution
		Debug|Any CPU = Debug|Any CPU
		Release|Any CPU = Release|Any CPU
	EndGlobalSection
	GlobalSection(ProjectConfigurationPlatforms) = postSolution
		{D9D5DF4A-A215-45AA-B1B6-09578517B8DF}.Debug|Any CPU.ActiveCfg = Debug|Any CPU
		{D9D5DF4A-A215-45AA-B1B6-09578517B8DF}.Debug|Any CPU.Build.0 = Debug|Any CPU
		{D9D5DF4A-A215-45AA-B1B6-09578517B8DF}.Release|Any CPU.ActiveCfg = Release|Any CPU
		{D9D5DF4A-A215-45AA-B1B6-09578517B8DF}.Release|Any CPU.Build.0 = Release|Any CPU
	EndGlobalSection
	GlobalSection(SolutionProperties) = preSolution
		HideSolutionNode = FALSE
	EndGlobalSection
	GlobalSection(ExtensibilityGlobals) = postSolution
		SolutionGuid = {B54495B1-7DF5-4438-999D-3A07D3776ED9}
	EndGlobalSection
EndGlobal
